
Microsoft Visual Studio Solution File, Format Version 12.00
# Visual Studio 15
VisualStudioVersion = 15.0.26430.14
MinimumVisualStudioVersion = 10.0.40219.1
Project("{2150E333-8FDC-42A3-9474-1A3956D46DE8}") = "src", "src", "{2FE680E8-878C-4FF3-80FC-4241411518C6}"
EndProject
Project("{9A19103F-16F7-4668-BE54-9A1E7A4F7556}") = "DanLiris.Admin.Web", "src\WebApplication\DanLiris.Admin.Web.csproj", "{73D1DF82-3328-4862-9B50-65A7B13589F2}"
EndProject
Project("{9A19103F-16F7-4668-BE54-9A1E7A4F7556}") = "Barebone", "src\Barebone\Barebone.csproj", "{1F9BA08C-6AB4-43BA-95D1-48F73D8371D8}"
EndProject
Project("{9A19103F-16F7-4668-BE54-9A1E7A4F7556}") = "Infrastructure", "src\Infrastructure\Infrastructure.csproj", "{6C1247D5-DEBD-4DC2-AE1A-A04616A1E9E4}"
EndProject
Project("{2150E333-8FDC-42A3-9474-1A3956D46DE8}") = "Barebone Extension", "Barebone Extension", "{DF3C0EAE-3AF8-4F27-AE1C-4C8527F30F0B}"
EndProject
Project("{2150E333-8FDC-42A3-9474-1A3956D46DE8}") = "Manufactures Extension", "Manufactures Extension", "{046C60FF-9D48-480A-B87D-070ABD0F15EB}"
EndProject
Project("{9A19103F-16F7-4668-BE54-9A1E7A4F7556}") = "Manufactures", "src\Manufactures\Manufactures.csproj", "{88ECA920-F734-45C3-B57F-E9BAD7A74495}"
EndProject
Project("{9A19103F-16F7-4668-BE54-9A1E7A4F7556}") = "Manufactures.Data.EntityFrameworkCore", "src\Manufactures.Data.EntityFrameworkCore.SqlServer\Manufactures.Data.EntityFrameworkCore.csproj", "{A2073F22-1BEF-4833-8DB6-1E21A91C1C2B}"
EndProject
Project("{9A19103F-16F7-4668-BE54-9A1E7A4F7556}") = "Manufactures.Domain", "src\Manufactures.Domain\Manufactures.Domain.csproj", "{1FC0341B-A39A-488C-B3BB-E9C247513A2C}"
EndProject
Project("{9A19103F-16F7-4668-BE54-9A1E7A4F7556}") = "Manufactures.Tests", "src\Manufactures.Tests\Manufactures.Tests.csproj", "{C001B35D-0A15-4DD0-AB83-634E3118F620}"
EndProject
Project("{9A19103F-16F7-4668-BE54-9A1E7A4F7556}") = "Manufactures.Application", "src\Manufactures.Application\Manufactures.Application.csproj", "{A9C4D0F2-D4EF-4702-ADB9-537CA4B3063E}"
EndProject
Project("{9A19103F-16F7-4668-BE54-9A1E7A4F7556}") = "Manufactures.Domain.Events", "src\Manufactures.Domain.Events\Manufactures.Domain.Events.csproj", "{B7B43E57-729B-4600-99EF-1B0717DD5E02}"
EndProject
Project("{2150E333-8FDC-42A3-9474-1A3956D46DE8}") = "System Core", "System Core", "{A1AECFB2-265C-4F7A-AA07-D0BE4D1619B5}"
EndProject
Project("{9A19103F-16F7-4668-BE54-9A1E7A4F7556}") = "Infrastructure.Domain", "src\Infrastructure.EntityFrameworkCore\Infrastructure.Domain.csproj", "{E2529D01-2A2E-4D15-9DDB-2A73437B49D2}"
EndProject
Project("{9A19103F-16F7-4668-BE54-9A1E7A4F7556}") = "Infrastructure.Domain.Events", "src\Infrastructure.Events\Infrastructure.Domain.Events.csproj", "{207AA666-8015-4201-B1D0-A5BEC14B4988}"
EndProject
Project("{9A19103F-16F7-4668-BE54-9A1E7A4F7556}") = "Infrastructure.Data.EntityFrameworkCore", "src\Infrastructure.Data.EntityFrameworkCore\Infrastructure.Data.EntityFrameworkCore.csproj", "{68EF51DE-6038-4203-A785-8FC6918DCDF4}"
EndProject
Project("{9A19103F-16F7-4668-BE54-9A1E7A4F7556}") = "Infrastructure.External.DanLirisClient.CoreMicroservice", "src\Infrastructure.External.DanLirisClient.CoreMicroservice\Infrastructure.External.DanLirisClient.CoreMicroservice.csproj", "{7B5E7573-5843-493A-AC51-85C02EDA7A51}"
EndProject
Global
	GlobalSection(SolutionConfigurationPlatforms) = preSolution
		Debug|Any CPU = Debug|Any CPU
		Release|Any CPU = Release|Any CPU
	EndGlobalSection
	GlobalSection(ProjectConfigurationPlatforms) = postSolution
		{73D1DF82-3328-4862-9B50-65A7B13589F2}.Debug|Any CPU.ActiveCfg = Debug|Any CPU
		{73D1DF82-3328-4862-9B50-65A7B13589F2}.Debug|Any CPU.Build.0 = Debug|Any CPU
		{73D1DF82-3328-4862-9B50-65A7B13589F2}.Release|Any CPU.ActiveCfg = Release|Any CPU
		{73D1DF82-3328-4862-9B50-65A7B13589F2}.Release|Any CPU.Build.0 = Release|Any CPU
		{1F9BA08C-6AB4-43BA-95D1-48F73D8371D8}.Debug|Any CPU.ActiveCfg = Debug|Any CPU
		{1F9BA08C-6AB4-43BA-95D1-48F73D8371D8}.Debug|Any CPU.Build.0 = Debug|Any CPU
		{1F9BA08C-6AB4-43BA-95D1-48F73D8371D8}.Release|Any CPU.ActiveCfg = Release|Any CPU
		{1F9BA08C-6AB4-43BA-95D1-48F73D8371D8}.Release|Any CPU.Build.0 = Release|Any CPU
		{6C1247D5-DEBD-4DC2-AE1A-A04616A1E9E4}.Debug|Any CPU.ActiveCfg = Debug|Any CPU
		{6C1247D5-DEBD-4DC2-AE1A-A04616A1E9E4}.Debug|Any CPU.Build.0 = Debug|Any CPU
		{6C1247D5-DEBD-4DC2-AE1A-A04616A1E9E4}.Release|Any CPU.ActiveCfg = Release|Any CPU
		{6C1247D5-DEBD-4DC2-AE1A-A04616A1E9E4}.Release|Any CPU.Build.0 = Release|Any CPU
		{88ECA920-F734-45C3-B57F-E9BAD7A74495}.Debug|Any CPU.ActiveCfg = Debug|Any CPU
		{88ECA920-F734-45C3-B57F-E9BAD7A74495}.Debug|Any CPU.Build.0 = Debug|Any CPU
		{88ECA920-F734-45C3-B57F-E9BAD7A74495}.Release|Any CPU.ActiveCfg = Release|Any CPU
		{88ECA920-F734-45C3-B57F-E9BAD7A74495}.Release|Any CPU.Build.0 = Release|Any CPU
		{A2073F22-1BEF-4833-8DB6-1E21A91C1C2B}.Debug|Any CPU.ActiveCfg = Debug|Any CPU
		{A2073F22-1BEF-4833-8DB6-1E21A91C1C2B}.Debug|Any CPU.Build.0 = Debug|Any CPU
		{A2073F22-1BEF-4833-8DB6-1E21A91C1C2B}.Release|Any CPU.ActiveCfg = Release|Any CPU
		{A2073F22-1BEF-4833-8DB6-1E21A91C1C2B}.Release|Any CPU.Build.0 = Release|Any CPU
		{1FC0341B-A39A-488C-B3BB-E9C247513A2C}.Debug|Any CPU.ActiveCfg = Debug|Any CPU
		{1FC0341B-A39A-488C-B3BB-E9C247513A2C}.Debug|Any CPU.Build.0 = Debug|Any CPU
		{1FC0341B-A39A-488C-B3BB-E9C247513A2C}.Release|Any CPU.ActiveCfg = Release|Any CPU
		{1FC0341B-A39A-488C-B3BB-E9C247513A2C}.Release|Any CPU.Build.0 = Release|Any CPU
		{C001B35D-0A15-4DD0-AB83-634E3118F620}.Debug|Any CPU.ActiveCfg = Debug|Any CPU
		{C001B35D-0A15-4DD0-AB83-634E3118F620}.Debug|Any CPU.Build.0 = Debug|Any CPU
		{C001B35D-0A15-4DD0-AB83-634E3118F620}.Release|Any CPU.ActiveCfg = Release|Any CPU
		{C001B35D-0A15-4DD0-AB83-634E3118F620}.Release|Any CPU.Build.0 = Release|Any CPU
		{A9C4D0F2-D4EF-4702-ADB9-537CA4B3063E}.Debug|Any CPU.ActiveCfg = Debug|Any CPU
		{A9C4D0F2-D4EF-4702-ADB9-537CA4B3063E}.Debug|Any CPU.Build.0 = Debug|Any CPU
		{A9C4D0F2-D4EF-4702-ADB9-537CA4B3063E}.Release|Any CPU.ActiveCfg = Release|Any CPU
		{A9C4D0F2-D4EF-4702-ADB9-537CA4B3063E}.Release|Any CPU.Build.0 = Release|Any CPU
		{B7B43E57-729B-4600-99EF-1B0717DD5E02}.Debug|Any CPU.ActiveCfg = Debug|Any CPU
		{B7B43E57-729B-4600-99EF-1B0717DD5E02}.Debug|Any CPU.Build.0 = Debug|Any CPU
		{B7B43E57-729B-4600-99EF-1B0717DD5E02}.Release|Any CPU.ActiveCfg = Release|Any CPU
		{B7B43E57-729B-4600-99EF-1B0717DD5E02}.Release|Any CPU.Build.0 = Release|Any CPU
		{E2529D01-2A2E-4D15-9DDB-2A73437B49D2}.Debug|Any CPU.ActiveCfg = Debug|Any CPU
		{E2529D01-2A2E-4D15-9DDB-2A73437B49D2}.Debug|Any CPU.Build.0 = Debug|Any CPU
		{E2529D01-2A2E-4D15-9DDB-2A73437B49D2}.Release|Any CPU.ActiveCfg = Release|Any CPU
		{E2529D01-2A2E-4D15-9DDB-2A73437B49D2}.Release|Any CPU.Build.0 = Release|Any CPU
		{207AA666-8015-4201-B1D0-A5BEC14B4988}.Debug|Any CPU.ActiveCfg = Debug|Any CPU
		{207AA666-8015-4201-B1D0-A5BEC14B4988}.Debug|Any CPU.Build.0 = Debug|Any CPU
		{207AA666-8015-4201-B1D0-A5BEC14B4988}.Release|Any CPU.ActiveCfg = Release|Any CPU
		{207AA666-8015-4201-B1D0-A5BEC14B4988}.Release|Any CPU.Build.0 = Release|Any CPU
		{68EF51DE-6038-4203-A785-8FC6918DCDF4}.Debug|Any CPU.ActiveCfg = Debug|Any CPU
		{68EF51DE-6038-4203-A785-8FC6918DCDF4}.Debug|Any CPU.Build.0 = Debug|Any CPU
		{68EF51DE-6038-4203-A785-8FC6918DCDF4}.Release|Any CPU.ActiveCfg = Release|Any CPU
		{68EF51DE-6038-4203-A785-8FC6918DCDF4}.Release|Any CPU.Build.0 = Release|Any CPU
		{7B5E7573-5843-493A-AC51-85C02EDA7A51}.Debug|Any CPU.ActiveCfg = Debug|Any CPU
		{7B5E7573-5843-493A-AC51-85C02EDA7A51}.Debug|Any CPU.Build.0 = Debug|Any CPU
		{7B5E7573-5843-493A-AC51-85C02EDA7A51}.Release|Any CPU.ActiveCfg = Release|Any CPU
		{7B5E7573-5843-493A-AC51-85C02EDA7A51}.Release|Any CPU.Build.0 = Release|Any CPU
	EndGlobalSection
	GlobalSection(SolutionProperties) = preSolution
		HideSolutionNode = FALSE
	EndGlobalSection
	GlobalSection(NestedProjects) = preSolution
		{73D1DF82-3328-4862-9B50-65A7B13589F2} = {2FE680E8-878C-4FF3-80FC-4241411518C6}
		{1F9BA08C-6AB4-43BA-95D1-48F73D8371D8} = {DF3C0EAE-3AF8-4F27-AE1C-4C8527F30F0B}
		{6C1247D5-DEBD-4DC2-AE1A-A04616A1E9E4} = {A1AECFB2-265C-4F7A-AA07-D0BE4D1619B5}
		{DF3C0EAE-3AF8-4F27-AE1C-4C8527F30F0B} = {2FE680E8-878C-4FF3-80FC-4241411518C6}
		{046C60FF-9D48-480A-B87D-070ABD0F15EB} = {2FE680E8-878C-4FF3-80FC-4241411518C6}
		{88ECA920-F734-45C3-B57F-E9BAD7A74495} = {046C60FF-9D48-480A-B87D-070ABD0F15EB}
		{A2073F22-1BEF-4833-8DB6-1E21A91C1C2B} = {046C60FF-9D48-480A-B87D-070ABD0F15EB}
		{1FC0341B-A39A-488C-B3BB-E9C247513A2C} = {046C60FF-9D48-480A-B87D-070ABD0F15EB}
		{C001B35D-0A15-4DD0-AB83-634E3118F620} = {046C60FF-9D48-480A-B87D-070ABD0F15EB}
		{A9C4D0F2-D4EF-4702-ADB9-537CA4B3063E} = {046C60FF-9D48-480A-B87D-070ABD0F15EB}
		{B7B43E57-729B-4600-99EF-1B0717DD5E02} = {046C60FF-9D48-480A-B87D-070ABD0F15EB}
		{A1AECFB2-265C-4F7A-AA07-D0BE4D1619B5} = {2FE680E8-878C-4FF3-80FC-4241411518C6}
		{E2529D01-2A2E-4D15-9DDB-2A73437B49D2} = {A1AECFB2-265C-4F7A-AA07-D0BE4D1619B5}
		{207AA666-8015-4201-B1D0-A5BEC14B4988} = {A1AECFB2-265C-4F7A-AA07-D0BE4D1619B5}
		{68EF51DE-6038-4203-A785-8FC6918DCDF4} = {A1AECFB2-265C-4F7A-AA07-D0BE4D1619B5}
		{7B5E7573-5843-493A-AC51-85C02EDA7A51} = {A1AECFB2-265C-4F7A-AA07-D0BE4D1619B5}
	EndGlobalSection
	GlobalSection(ExtensibilityGlobals) = postSolution
		SolutionGuid = {8093777F-7CB1-4658-B7A0-08077AA5AFD5}
	EndGlobalSection
EndGlobal
